{
  "originHash" : "946b76fc5c5793d2a684a21bbe15f6a464f6713afdec59d8e17836a07d88c247",
  "pins" : [
    {
      "identity" : "confettiswiftui",
      "kind" : "remoteSourceControl",
      "location" : "https://github.com/simibac/ConfettiSwiftUI",
      "state" : {
        "revision" : "79666d42b882bf7921b1941fa7c636d681d77980",
        "version" : "2.0.3"
      }
    },
    {
      "identity" : "spline-ios",
      "kind" : "remoteSourceControl",
      "location" : "https://github.com/splinetool/spline-ios",
      "state" : {
        "revision" : "4f40e3361c7b72e4ee8c6dbf63210bbb3b4c9b15",
        "version" : "0.2.47"
      }
    }
  ],
  "version" : 3
}
